
Microsoft Visual Studio Solution File, Format Version 12.00
# Visual Studio Version 16
VisualStudioVersion = 16.0.32002.261
MinimumVisualStudioVersion = 10.0.40219.1
Project("{FAE04EC0-301F-11D3-BF4B-00C04F79EFBC}") = "SPZLAB8", "SPZLAB8\SPZLAB8.csproj", "{6668DFAB-D65A-4F49-97EA-5390D048946F}"
EndProject
Global
	GlobalSection(SolutionConfigurationPlatforms) = preSolution
		Debug|Any CPU = Debug|Any CPU
		Release|Any CPU = Release|Any CPU
	EndGlobalSection
	GlobalSection(ProjectConfigurationPlatforms) = postSolution
		{6668DFAB-D65A-4F49-97EA-5390D048946F}.Debug|Any CPU.ActiveCfg = Debug|Any CPU
		{6668DFAB-D65A-4F49-97EA-5390D048946F}.Debug|Any CPU.Build.0 = Debug|Any CPU
		{6668DFAB-D65A-4F49-97EA-5390D048946F}.Release|Any CPU.ActiveCfg = Release|Any CPU
		{6668DFAB-D65A-4F49-97EA-5390D048946F}.Release|Any CPU.Build.0 = Release|Any CPU
	EndGlobalSection
	GlobalSection(SolutionProperties) = preSolution
		HideSolutionNode = FALSE
	EndGlobalSection
	GlobalSection(ExtensibilityGlobals) = postSolution
		SolutionGuid = {416DBB8D-57E5-4FF3-873C-5377D83FFBBE}
	EndGlobalSection
EndGlobal
